// !$*UTF8*$!
{
	archiveVersion = 1;
	classes = {
	};
	objectVersion = 55;
	objects = {

/* Begin PBXBuildFile section */
		1376CB28274ED6CC0091E62A /* EncontrosViewController.swift in Sources */ = {isa = PBXBuildFile; fileRef = 1376CB27274ED6CC0091E62A /* EncontrosViewController.swift */; };
		1376CB2A274ED6EF0091E62A /* PerfilViewController.swift in Sources */ = {isa = PBXBuildFile; fileRef = 1376CB29274ED6EF0091E62A /* PerfilViewController.swift */; };
		1376CB2C274ED7190091E62A /* NovoEncontroViewController.swift in Sources */ = {isa = PBXBuildFile; fileRef = 1376CB2B274ED7190091E62A /* NovoEncontroViewController.swift */; };
		1376CB2E274ED72F0091E62A /* QuemVaiViewController.swift in Sources */ = {isa = PBXBuildFile; fileRef = 1376CB2D274ED72F0091E62A /* QuemVaiViewController.swift */; };
		DB5BA523274817D9003BBFCA /* AppDelegate.swift in Sources */ = {isa = PBXBuildFile; fileRef = DB5BA522274817D9003BBFCA /* AppDelegate.swift */; };
		DB5BA525274817D9003BBFCA /* SceneDelegate.swift in Sources */ = {isa = PBXBuildFile; fileRef = DB5BA524274817D9003BBFCA /* SceneDelegate.swift */; };
		DB5BA527274817D9003BBFCA /* ViewController.swift in Sources */ = {isa = PBXBuildFile; fileRef = DB5BA526274817D9003BBFCA /* ViewController.swift */; };
		DB5BA52A274817D9003BBFCA /* Main.storyboard in Resources */ = {isa = PBXBuildFile; fileRef = DB5BA528274817D9003BBFCA /* Main.storyboard */; };
		DB5BA52D274817D9003BBFCA /* TheMidway.xcdatamodeld in Sources */ = {isa = PBXBuildFile; fileRef = DB5BA52B274817D9003BBFCA /* TheMidway.xcdatamodeld */; };
		DB5BA52F274817DC003BBFCA /* Assets.xcassets in Resources */ = {isa = PBXBuildFile; fileRef = DB5BA52E274817DC003BBFCA /* Assets.xcassets */; };
		DB5BA532274817DC003BBFCA /* LaunchScreen.storyboard in Resources */ = {isa = PBXBuildFile; fileRef = DB5BA530274817DC003BBFCA /* LaunchScreen.storyboard */; };
/* End PBXBuildFile section */

/* Begin PBXFileReference section */
		1376CB27274ED6CC0091E62A /* EncontrosViewController.swift */ = {isa = PBXFileReference; lastKnownFileType = sourcecode.swift; path = EncontrosViewController.swift; sourceTree = "<group>"; };
		1376CB29274ED6EF0091E62A /* PerfilViewController.swift */ = {isa = PBXFileReference; lastKnownFileType = sourcecode.swift; path = PerfilViewController.swift; sourceTree = "<group>"; };
		1376CB2B274ED7190091E62A /* NovoEncontroViewController.swift */ = {isa = PBXFileReference; lastKnownFileType = sourcecode.swift; path = NovoEncontroViewController.swift; sourceTree = "<group>"; };
		1376CB2D274ED72F0091E62A /* QuemVaiViewController.swift */ = {isa = PBXFileReference; lastKnownFileType = sourcecode.swift; path = QuemVaiViewController.swift; sourceTree = "<group>"; };
		DB5BA51F274817D9003BBFCA /* TheMidway.app */ = {isa = PBXFileReference; explicitFileType = wrapper.application; includeInIndex = 0; path = TheMidway.app; sourceTree = BUILT_PRODUCTS_DIR; };
		DB5BA522274817D9003BBFCA /* AppDelegate.swift */ = {isa = PBXFileReference; lastKnownFileType = sourcecode.swift; path = AppDelegate.swift; sourceTree = "<group>"; };
		DB5BA524274817D9003BBFCA /* SceneDelegate.swift */ = {isa = PBXFileReference; lastKnownFileType = sourcecode.swift; path = SceneDelegate.swift; sourceTree = "<group>"; };
		DB5BA526274817D9003BBFCA /* ViewController.swift */ = {isa = PBXFileReference; lastKnownFileType = sourcecode.swift; path = ViewController.swift; sourceTree = "<group>"; };
		DB5BA529274817D9003BBFCA /* Base */ = {isa = PBXFileReference; lastKnownFileType = file.storyboard; name = Base; path = Base.lproj/Main.storyboard; sourceTree = "<group>"; };
		DB5BA52C274817D9003BBFCA /* TheMidway.xcdatamodel */ = {isa = PBXFileReference; lastKnownFileType = wrapper.xcdatamodel; path = TheMidway.xcdatamodel; sourceTree = "<group>"; };
		DB5BA52E274817DC003BBFCA /* Assets.xcassets */ = {isa = PBXFileReference; lastKnownFileType = folder.assetcatalog; path = Assets.xcassets; sourceTree = "<group>"; };
		DB5BA531274817DC003BBFCA /* Base */ = {isa = PBXFileReference; lastKnownFileType = file.storyboard; name = Base; path = Base.lproj/LaunchScreen.storyboard; sourceTree = "<group>"; };
		DB5BA533274817DC003BBFCA /* Info.plist */ = {isa = PBXFileReference; lastKnownFileType = text.plist.xml; path = Info.plist; sourceTree = "<group>"; };
/* End PBXFileReference section */

/* Begin PBXFrameworksBuildPhase section */
		DB5BA51C274817D9003BBFCA /* Frameworks */ = {
			isa = PBXFrameworksBuildPhase;
			buildActionMask = 2147483647;
			files = (
			);
			runOnlyForDeploymentPostprocessing = 0;
		};
/* End PBXFrameworksBuildPhase section */

/* Begin PBXGroup section */
		1376CB24274ED67F0091E62A /* controller */ = {
			isa = PBXGroup;
			children = (
				1376CB27274ED6CC0091E62A /* EncontrosViewController.swift */,
				1376CB29274ED6EF0091E62A /* PerfilViewController.swift */,
				1376CB2B274ED7190091E62A /* NovoEncontroViewController.swift */,
				1376CB2D274ED72F0091E62A /* QuemVaiViewController.swift */,
			);
			path = controller;
			sourceTree = "<group>";
		};
		1376CB25274ED68C0091E62A /* view */ = {
			isa = PBXGroup;
			children = (
			);
			path = view;
			sourceTree = "<group>";
		};
		1376CB26274ED6960091E62A /* delegate */ = {
			isa = PBXGroup;
			children = (
				DB5BA522274817D9003BBFCA /* AppDelegate.swift */,
				DB5BA524274817D9003BBFCA /* SceneDelegate.swift */,
			);
			path = delegate;
			sourceTree = "<group>";
		};
		DB5BA516274817D8003BBFCA = {
			isa = PBXGroup;
			children = (
				DB5BA521274817D9003BBFCA /* TheMidway */,
				DB5BA520274817D9003BBFCA /* Products */,
			);
			sourceTree = "<group>";
		};
		DB5BA520274817D9003BBFCA /* Products */ = {
			isa = PBXGroup;
			children = (
				DB5BA51F274817D9003BBFCA /* TheMidway.app */,
			);
			name = Products;
			sourceTree = "<group>";
		};
		DB5BA521274817D9003BBFCA /* TheMidway */ = {
			isa = PBXGroup;
			children = (
				1376CB26274ED6960091E62A /* delegate */,
				1376CB25274ED68C0091E62A /* view */,
				1376CB24274ED67F0091E62A /* controller */,
				DB5BA526274817D9003BBFCA /* ViewController.swift */,
				DB5BA528274817D9003BBFCA /* Main.storyboard */,
				DB5BA52E274817DC003BBFCA /* Assets.xcassets */,
				DB5BA530274817DC003BBFCA /* LaunchScreen.storyboard */,
				DB5BA533274817DC003BBFCA /* Info.plist */,
				DB5BA52B274817D9003BBFCA /* TheMidway.xcdatamodeld */,
			);
			path = TheMidway;
			sourceTree = "<group>";
		};
/* End PBXGroup section */

/* Begin PBXNativeTarget section */
		DB5BA51E274817D9003BBFCA /* TheMidway */ = {
			isa = PBXNativeTarget;
			buildConfigurationList = DB5BA536274817DC003BBFCA /* Build configuration list for PBXNativeTarget "TheMidway" */;
			buildPhases = (
				DB5BA51B274817D9003BBFCA /* Sources */,
				DB5BA51C274817D9003BBFCA /* Frameworks */,
				DB5BA51D274817D9003BBFCA /* Resources */,
			);
			buildRules = (
			);
			dependencies = (
			);
			name = TheMidway;
			productName = TheMidway;
			productReference = DB5BA51F274817D9003BBFCA /* TheMidway.app */;
			productType = "com.apple.product-type.application";
		};
/* End PBXNativeTarget section */

/* Begin PBXProject section */
		DB5BA517274817D9003BBFCA /* Project object */ = {
			isa = PBXProject;
			attributes = {
				BuildIndependentTargetsInParallel = 1;
				LastSwiftUpdateCheck = 1310;
				LastUpgradeCheck = 1310;
				TargetAttributes = {
					DB5BA51E274817D9003BBFCA = {
						CreatedOnToolsVersion = 13.1;
					};
				};
			};
			buildConfigurationList = DB5BA51A274817D9003BBFCA /* Build configuration list for PBXProject "TheMidway" */;
			compatibilityVersion = "Xcode 13.0";
			developmentRegion = en;
			hasScannedForEncodings = 0;
			knownRegions = (
				en,
				Base,
			);
			mainGroup = DB5BA516274817D8003BBFCA;
			productRefGroup = DB5BA520274817D9003BBFCA /* Products */;
			projectDirPath = "";
			projectRoot = "";
			targets = (
				DB5BA51E274817D9003BBFCA /* TheMidway */,
			);
		};
/* End PBXProject section */

/* Begin PBXResourcesBuildPhase section */
		DB5BA51D274817D9003BBFCA /* Resources */ = {
			isa = PBXResourcesBuildPhase;
			buildActionMask = 2147483647;
			files = (
				DB5BA532274817DC003BBFCA /* LaunchScreen.storyboard in Resources */,
				DB5BA52F274817DC003BBFCA /* Assets.xcassets in Resources */,
				DB5BA52A274817D9003BBFCA /* Main.storyboard in Resources */,
			);
			runOnlyForDeploymentPostprocessing = 0;
		};
/* End PBXResourcesBuildPhase section */

/* Begin PBXSourcesBuildPhase section */
		DB5BA51B274817D9003BBFCA /* Sources */ = {
			isa = PBXSourcesBuildPhase;
			buildActionMask = 2147483647;
			files = (
				1376CB2A274ED6EF0091E62A /* PerfilViewController.swift in Sources */,
				DB5BA527274817D9003BBFCA /* ViewController.swift in Sources */,
				DB5BA523274817D9003BBFCA /* AppDelegate.swift in Sources */,
				DB5BA52D274817D9003BBFCA /* TheMidway.xcdatamodeld in Sources */,
				1376CB28274ED6CC0091E62A /* EncontrosViewController.swift in Sources */,
				1376CB2E274ED72F0091E62A /* QuemVaiViewController.swift in Sources */,
				DB5BA525274817D9003BBFCA /* SceneDelegate.swift in Sources */,
				1376CB2C274ED7190091E62A /* NovoEncontroViewController.swift in Sources */,
			);
			runOnlyForDeploymentPostprocessing = 0;
		};
/* End PBXSourcesBuildPhase section */

/* Begin PBXVariantGroup section */
		DB5BA528274817D9003BBFCA /* Main.storyboard */ = {
			isa = PBXVariantGroup;
			children = (
				DB5BA529274817D9003BBFCA /* Base */,
			);
			name = Main.storyboard;
			sourceTree = "<group>";
		};
		DB5BA530274817DC003BBFCA /* LaunchScreen.storyboard */ = {
			isa = PBXVariantGroup;
			children = (
				DB5BA531274817DC003BBFCA /* Base */,
			);
			name = LaunchScreen.storyboard;
			sourceTree = "<group>";
		};
/* End PBXVariantGroup section */

/* Begin XCBuildConfiguration section */
		DB5BA534274817DC003BBFCA /* Debug */ = {
			isa = XCBuildConfiguration;
			buildSettings = {
				ALWAYS_SEARCH_USER_PATHS = NO;
				CLANG_ANALYZER_NONNULL = YES;
				CLANG_ANALYZER_NUMBER_OBJECT_CONVERSION = YES_AGGRESSIVE;
				CLANG_CXX_LANGUAGE_STANDARD = "gnu++17";
				CLANG_CXX_LIBRARY = "libc++";
				CLANG_ENABLE_MODULES = YES;
				CLANG_ENABLE_OBJC_ARC = YES;
				CLANG_ENABLE_OBJC_WEAK = YES;
				CLANG_WARN_BLOCK_CAPTURE_AUTORELEASING = YES;
				CLANG_WARN_BOOL_CONVERSION = YES;
				CLANG_WARN_COMMA = YES;
				CLANG_WARN_CONSTANT_CONVERSION = YES;
				CLANG_WARN_DEPRECATED_OBJC_IMPLEMENTATIONS = YES;
				CLANG_WARN_DIRECT_OBJC_ISA_USAGE = YES_ERROR;
				CLANG_WARN_DOCUMENTATION_COMMENTS = YES;
				CLANG_WARN_EMPTY_BODY = YES;
				CLANG_WARN_ENUM_CONVERSION = YES;
				CLANG_WARN_INFINITE_RECURSION = YES;
				CLANG_WARN_INT_CONVERSION = YES;
				CLANG_WARN_NON_LITERAL_NULL_CONVERSION = YES;
				CLANG_WARN_OBJC_IMPLICIT_RETAIN_SELF = YES;
				CLANG_WARN_OBJC_LITERAL_CONVERSION = YES;
				CLANG_WARN_OBJC_ROOT_CLASS = YES_ERROR;
				CLANG_WARN_QUOTED_INCLUDE_IN_FRAMEWORK_HEADER = YES;
				CLANG_WARN_RANGE_LOOP_ANALYSIS = YES;
				CLANG_WARN_STRICT_PROTOTYPES = YES;
				CLANG_WARN_SUSPICIOUS_MOVE = YES;
				CLANG_WARN_UNGUARDED_AVAILABILITY = YES_AGGRESSIVE;
				CLANG_WARN_UNREACHABLE_CODE = YES;
				CLANG_WARN__DUPLICATE_METHOD_MATCH = YES;
				COPY_PHASE_STRIP = NO;
				DEBUG_INFORMATION_FORMAT = dwarf;
				ENABLE_STRICT_OBJC_MSGSEND = YES;
				ENABLE_TESTABILITY = YES;
				GCC_C_LANGUAGE_STANDARD = gnu11;
				GCC_DYNAMIC_NO_PIC = NO;
				GCC_NO_COMMON_BLOCKS = YES;
				GCC_OPTIMIZATION_LEVEL = 0;
				GCC_PREPROCESSOR_DEFINITIONS = (
					"DEBUG=1",
					"$(inherited)",
				);
				GCC_WARN_64_TO_32_BIT_CONVERSION = YES;
				GCC_WARN_ABOUT_RETURN_TYPE = YES_ERROR;
				GCC_WARN_UNDECLARED_SELECTOR = YES;
				GCC_WARN_UNINITIALIZED_AUTOS = YES_AGGRESSIVE;
				GCC_WARN_UNUSED_FUNCTION = YES;
				GCC_WARN_UNUSED_VARIABLE = YES;
				IPHONEOS_DEPLOYMENT_TARGET = 15.0;
				MTL_ENABLE_DEBUG_INFO = INCLUDE_SOURCE;
				MTL_FAST_MATH = YES;
				ONLY_ACTIVE_ARCH = YES;
				SDKROOT = iphoneos;
				SWIFT_ACTIVE_COMPILATION_CONDITIONS = DEBUG;
				SWIFT_OPTIMIZATION_LEVEL = "-Onone";
			};
			name = Debug;
		};
		DB5BA535274817DC003BBFCA /* Release */ = {
			isa = XCBuildConfiguration;
			buildSettings = {
				ALWAYS_SEARCH_USER_PATHS = NO;
				CLANG_ANALYZER_NONNULL = YES;
				CLANG_ANALYZER_NUMBER_OBJECT_CONVERSION = YES_AGGRESSIVE;
				CLANG_CXX_LANGUAGE_STANDARD = "gnu++17";
				CLANG_CXX_LIBRARY = "libc++";
				CLANG_ENABLE_MODULES = YES;
				CLANG_ENABLE_OBJC_ARC = YES;
				CLANG_ENABLE_OBJC_WEAK = YES;
				CLANG_WARN_BLOCK_CAPTURE_AUTORELEASING = YES;
				CLANG_WARN_BOOL_CONVERSION = YES;
				CLANG_WARN_COMMA = YES;
				CLANG_WARN_CONSTANT_CONVERSION = YES;
				CLANG_WARN_DEPRECATED_OBJC_IMPLEMENTATIONS = YES;
				CLANG_WARN_DIRECT_OBJC_ISA_USAGE = YES_ERROR;
				CLANG_WARN_DOCUMENTATION_COMMENTS = YES;
				CLANG_WARN_EMPTY_BODY = YES;
				CLANG_WARN_ENUM_CONVERSION = YES;
				CLANG_WARN_INFINITE_RECURSION = YES;
				CLANG_WARN_INT_CONVERSION = YES;
				CLANG_WARN_NON_LITERAL_NULL_CONVERSION = YES;
				CLANG_WARN_OBJC_IMPLICIT_RETAIN_SELF = YES;
				CLANG_WARN_OBJC_LITERAL_CONVERSION = YES;
				CLANG_WARN_OBJC_ROOT_CLASS = YES_ERROR;
				CLANG_WARN_QUOTED_INCLUDE_IN_FRAMEWORK_HEADER = YES;
				CLANG_WARN_RANGE_LOOP_ANALYSIS = YES;
				CLANG_WARN_STRICT_PROTOTYPES = YES;
				CLANG_WARN_SUSPICIOUS_MOVE = YES;
				CLANG_WARN_UNGUARDED_AVAILABILITY = YES_AGGRESSIVE;
				CLANG_WARN_UNREACHABLE_CODE = YES;
				CLANG_WARN__DUPLICATE_METHOD_MATCH = YES;
				COPY_PHASE_STRIP = NO;
				DEBUG_INFORMATION_FORMAT = "dwarf-with-dsym";
				ENABLE_NS_ASSERTIONS = NO;
				ENABLE_STRICT_OBJC_MSGSEND = YES;
				GCC_C_LANGUAGE_STANDARD = gnu11;
				GCC_NO_COMMON_BLOCKS = YES;
				GCC_WARN_64_TO_32_BIT_CONVERSION = YES;
				GCC_WARN_ABOUT_RETURN_TYPE = YES_ERROR;
				GCC_WARN_UNDECLARED_SELECTOR = YES;
				GCC_WARN_UNINITIALIZED_AUTOS = YES_AGGRESSIVE;
				GCC_WARN_UNUSED_FUNCTION = YES;
				GCC_WARN_UNUSED_VARIABLE = YES;
				IPHONEOS_DEPLOYMENT_TARGET = 15.0;
				MTL_ENABLE_DEBUG_INFO = NO;
				MTL_FAST_MATH = YES;
				SDKROOT = iphoneos;
				SWIFT_COMPILATION_MODE = wholemodule;
				SWIFT_OPTIMIZATION_LEVEL = "-O";
				VALIDATE_PRODUCT = YES;
			};
			name = Release;
		};
		DB5BA537274817DC003BBFCA /* Debug */ = {
			isa = XCBuildConfiguration;
			buildSettings = {
				ASSETCATALOG_COMPILER_APPICON_NAME = AppIcon;
				ASSETCATALOG_COMPILER_GLOBAL_ACCENT_COLOR_NAME = AccentColor;
				CODE_SIGN_STYLE = Automatic;
				CURRENT_PROJECT_VERSION = 1;
				DEVELOPMENT_TEAM = YJHS8SK8R5;
				GENERATE_INFOPLIST_FILE = YES;
				INFOPLIST_FILE = TheMidway/Info.plist;
				INFOPLIST_KEY_UIApplicationSupportsIndirectInputEvents = YES;
				INFOPLIST_KEY_UILaunchStoryboardName = LaunchScreen;
				INFOPLIST_KEY_UIMainStoryboardFile = Main;
				INFOPLIST_KEY_UISupportedInterfaceOrientations_iPad = "UIInterfaceOrientationPortrait UIInterfaceOrientationPortraitUpsideDown UIInterfaceOrientationLandscapeLeft UIInterfaceOrientationLandscapeRight";
				INFOPLIST_KEY_UISupportedInterfaceOrientations_iPhone = "UIInterfaceOrientationPortrait UIInterfaceOrientationLandscapeLeft UIInterfaceOrientationLandscapeRight";
				LD_RUNPATH_SEARCH_PATHS = (
					"$(inherited)",
					"@executable_path/Frameworks",
				);
				MARKETING_VERSION = 1.0;
				PRODUCT_BUNDLE_IDENTIFIER = Anna.Andrade.TheMidway;
				PRODUCT_NAME = "$(TARGET_NAME)";
				SWIFT_EMIT_LOC_STRINGS = YES;
				SWIFT_VERSION = 5.0;
				TARGETED_DEVICE_FAMILY = 1;
			};
			name = Debug;
		};
		DB5BA538274817DC003BBFCA /* Release */ = {
			isa = XCBuildConfiguration;
			buildSettings = {
				ASSETCATALOG_COMPILER_APPICON_NAME = AppIcon;
				ASSETCATALOG_COMPILER_GLOBAL_ACCENT_COLOR_NAME = AccentColor;
				CODE_SIGN_STYLE = Automatic;
				CURRENT_PROJECT_VERSION = 1;
				DEVELOPMENT_TEAM = YJHS8SK8R5;
				GENERATE_INFOPLIST_FILE = YES;
				INFOPLIST_FILE = TheMidway/Info.plist;
				INFOPLIST_KEY_UIApplicationSupportsIndirectInputEvents = YES;
				INFOPLIST_KEY_UILaunchStoryboardName = LaunchScreen;
				INFOPLIST_KEY_UIMainStoryboardFile = Main;
				INFOPLIST_KEY_UISupportedInterfaceOrientations_iPad = "UIInterfaceOrientationPortrait UIInterfaceOrientationPortraitUpsideDown UIInterfaceOrientationLandscapeLeft UIInterfaceOrientationLandscapeRight";
				INFOPLIST_KEY_UISupportedInterfaceOrientations_iPhone = "UIInterfaceOrientationPortrait UIInterfaceOrientationLandscapeLeft UIInterfaceOrientationLandscapeRight";
				LD_RUNPATH_SEARCH_PATHS = (
					"$(inherited)",
					"@executable_path/Frameworks",
				);
				MARKETING_VERSION = 1.0;
				PRODUCT_BUNDLE_IDENTIFIER = Anna.Andrade.TheMidway;
				PRODUCT_NAME = "$(TARGET_NAME)";
				SWIFT_EMIT_LOC_STRINGS = YES;
				SWIFT_VERSION = 5.0;
				TARGETED_DEVICE_FAMILY = 1;
			};
			name = Release;
		};
/* End XCBuildConfiguration section */

/* Begin XCConfigurationList section */
		DB5BA51A274817D9003BBFCA /* Build configuration list for PBXProject "TheMidway" */ = {
			isa = XCConfigurationList;
			buildConfigurations = (
				DB5BA534274817DC003BBFCA /* Debug */,
				DB5BA535274817DC003BBFCA /* Release */,
			);
			defaultConfigurationIsVisible = 0;
			defaultConfigurationName = Release;
		};
		DB5BA536274817DC003BBFCA /* Build configuration list for PBXNativeTarget "TheMidway" */ = {
			isa = XCConfigurationList;
			buildConfigurations = (
				DB5BA537274817DC003BBFCA /* Debug */,
				DB5BA538274817DC003BBFCA /* Release */,
			);
			defaultConfigurationIsVisible = 0;
			defaultConfigurationName = Release;
		};
/* End XCConfigurationList section */

/* Begin XCVersionGroup section */
		DB5BA52B274817D9003BBFCA /* TheMidway.xcdatamodeld */ = {
			isa = XCVersionGroup;
			children = (
				DB5BA52C274817D9003BBFCA /* TheMidway.xcdatamodel */,
			);
			currentVersion = DB5BA52C274817D9003BBFCA /* TheMidway.xcdatamodel */;
			path = TheMidway.xcdatamodeld;
			sourceTree = "<group>";
			versionGroupType = wrapper.xcdatamodel;
		};
/* End XCVersionGroup section */
	};
	rootObject = DB5BA517274817D9003BBFCA /* Project object */;
}
