// !$*UTF8*$!
{
	archiveVersion = 1;
	classes = {
	};
	objectVersion = 55;
	objects = {

/* Begin PBXBuildFile section */
		2215BB7827A21FC4009362AC /* Main.storyboard in Resources */ = {isa = PBXBuildFile; fileRef = 2215BB7627A21FC4009362AC /* Main.storyboard */; };
		2215BB8D27A221B3009362AC /* TheMidway.xcdatamodeld in Sources */ = {isa = PBXBuildFile; fileRef = 2215BB8A27A221B3009362AC /* TheMidway.xcdatamodeld */; };
		2215BB8E27A221B3009362AC /* MeetingCDManeger.swift in Sources */ = {isa = PBXBuildFile; fileRef = 2215BB8C27A221B3009362AC /* MeetingCDManeger.swift */; };
		2215BB9127A221D3009362AC /* Assets.xcassets in Resources */ = {isa = PBXBuildFile; fileRef = 2215BB9027A221D3009362AC /* Assets.xcassets */; };
		2215BB9527A22227009362AC /* MapViewManeger.swift in Sources */ = {isa = PBXBuildFile; fileRef = 2215BB9427A22227009362AC /* MapViewManeger.swift */; };
		2215BB9827A22234009362AC /* PlacesCategories.swift in Sources */ = {isa = PBXBuildFile; fileRef = 2215BB9627A22234009362AC /* PlacesCategories.swift */; };
		2215BB9927A22234009362AC /* APIError.swift in Sources */ = {isa = PBXBuildFile; fileRef = 2215BB9727A22234009362AC /* APIError.swift */; };
		2215BBA027A2225C009362AC /* MeetingCreated.swift in Sources */ = {isa = PBXBuildFile; fileRef = 2215BB9B27A2225C009362AC /* MeetingCreated.swift */; };
		2215BBA127A2225C009362AC /* Person.swift in Sources */ = {isa = PBXBuildFile; fileRef = 2215BB9C27A2225C009362AC /* Person.swift */; };
		2215BBA227A2225C009362AC /* LabelConfig.swift in Sources */ = {isa = PBXBuildFile; fileRef = 2215BB9D27A2225C009362AC /* LabelConfig.swift */; };
		2215BBA327A2225C009362AC /* MapPlace.swift in Sources */ = {isa = PBXBuildFile; fileRef = 2215BB9E27A2225C009362AC /* MapPlace.swift */; };
		2215BBA427A2225C009362AC /* MeetingCreatedCellInfo.swift in Sources */ = {isa = PBXBuildFile; fileRef = 2215BB9F27A2225C009362AC /* MeetingCreatedCellInfo.swift */; };
		2215BBA827A2227C009362AC /* MainViewController.swift in Sources */ = {isa = PBXBuildFile; fileRef = 2215BBA627A2227C009362AC /* MainViewController.swift */; };
		2215BBA927A2227C009362AC /* NewMeetingViewController.swift in Sources */ = {isa = PBXBuildFile; fileRef = 2215BBA727A2227C009362AC /* NewMeetingViewController.swift */; };
		2215BBB027A222B1009362AC /* MainView.swift in Sources */ = {isa = PBXBuildFile; fileRef = 2215BBAE27A222B1009362AC /* MainView.swift */; };
		2215BBB127A222B1009362AC /* NewMeetingView.swift in Sources */ = {isa = PBXBuildFile; fileRef = 2215BBAF27A222B1009362AC /* NewMeetingView.swift */; };
		2215BBB627A222C6009362AC /* NewMeetingTableParticipantsCell.swift in Sources */ = {isa = PBXBuildFile; fileRef = 2215BBB227A222C6009362AC /* NewMeetingTableParticipantsCell.swift */; };
		2215BBB727A222C6009362AC /* NewMeetingTableTitleCell.swift in Sources */ = {isa = PBXBuildFile; fileRef = 2215BBB327A222C6009362AC /* NewMeetingTableTitleCell.swift */; };
		2215BBB827A222C6009362AC /* MainViewTableCell.swift in Sources */ = {isa = PBXBuildFile; fileRef = 2215BBB427A222C6009362AC /* MainViewTableCell.swift */; };
		2215BBB927A222C6009362AC /* NewMeetingTableDateCell.swift in Sources */ = {isa = PBXBuildFile; fileRef = 2215BBB527A222C6009362AC /* NewMeetingTableDateCell.swift */; };
		2215BBBC27A222DF009362AC /* NewMeetingCollectionCell.swift in Sources */ = {isa = PBXBuildFile; fileRef = 2215BBBA27A222DF009362AC /* NewMeetingCollectionCell.swift */; };
		2215BBBD27A222DF009362AC /* MainViewCollectionCell.swift in Sources */ = {isa = PBXBuildFile; fileRef = 2215BBBB27A222DF009362AC /* MainViewCollectionCell.swift */; };
		2215BBC027A22307009362AC /* EmptyView.swift in Sources */ = {isa = PBXBuildFile; fileRef = 2215BBBF27A22307009362AC /* EmptyView.swift */; };
		2215BBC727A22386009362AC /* AppDelegate.swift in Sources */ = {isa = PBXBuildFile; fileRef = 2215BBC527A22386009362AC /* AppDelegate.swift */; };
		2215BBC827A22386009362AC /* SceneDelegate.swift in Sources */ = {isa = PBXBuildFile; fileRef = 2215BBC627A22386009362AC /* SceneDelegate.swift */; };
		2215BBCC27A22399009362AC /* TextFieldDelegate.swift in Sources */ = {isa = PBXBuildFile; fileRef = 2215BBC927A22399009362AC /* TextFieldDelegate.swift */; };
		2215BBCD27A22399009362AC /* LocationManegerDelegate.swift in Sources */ = {isa = PBXBuildFile; fileRef = 2215BBCA27A22399009362AC /* LocationManegerDelegate.swift */; };
		2215BBCE27A22399009362AC /* MapViewDelegate.swift in Sources */ = {isa = PBXBuildFile; fileRef = 2215BBCB27A22399009362AC /* MapViewDelegate.swift */; };
		229F79CF27A235580039902B /* Launch Screen.storyboard in Resources */ = {isa = PBXBuildFile; fileRef = 229F79CE27A235580039902B /* Launch Screen.storyboard */; };
		229F79D327A23C400039902B /* MainTableDelegate.swift in Sources */ = {isa = PBXBuildFile; fileRef = 229F79D227A23C400039902B /* MainTableDelegate.swift */; };
		229F79D827A23D440039902B /* MainTableDataSource.swift in Sources */ = {isa = PBXBuildFile; fileRef = 229F79D727A23D440039902B /* MainTableDataSource.swift */; };
/* End PBXBuildFile section */

/* Begin PBXFileReference section */
		2215BB6D27A21FC4009362AC /* TheMidway.app */ = {isa = PBXFileReference; explicitFileType = wrapper.application; includeInIndex = 0; path = TheMidway.app; sourceTree = BUILT_PRODUCTS_DIR; };
		2215BB7727A21FC4009362AC /* Base */ = {isa = PBXFileReference; lastKnownFileType = file.storyboard; name = Base; path = Base.lproj/Main.storyboard; sourceTree = "<group>"; };
		2215BB8127A21FC5009362AC /* Info.plist */ = {isa = PBXFileReference; lastKnownFileType = text.plist.xml; path = Info.plist; sourceTree = "<group>"; };
		2215BB8B27A221B3009362AC /* TheMidway.xcdatamodel */ = {isa = PBXFileReference; lastKnownFileType = wrapper.xcdatamodel; path = TheMidway.xcdatamodel; sourceTree = "<group>"; };
		2215BB8C27A221B3009362AC /* MeetingCDManeger.swift */ = {isa = PBXFileReference; fileEncoding = 4; lastKnownFileType = sourcecode.swift; name = MeetingCDManeger.swift; path = "../../../TheMidway 18-41-23-148/CoreData/MeetingCDManeger.swift"; sourceTree = "<group>"; };
		2215BB9027A221D3009362AC /* Assets.xcassets */ = {isa = PBXFileReference; lastKnownFileType = folder.assetcatalog; name = Assets.xcassets; path = "../../../TheMidway 18-41-23-148/Assets/Assets.xcassets"; sourceTree = "<group>"; };
		2215BB9427A22227009362AC /* MapViewManeger.swift */ = {isa = PBXFileReference; fileEncoding = 4; lastKnownFileType = sourcecode.swift; name = MapViewManeger.swift; path = "../../../../TheMidway 18-41-23-148/TheMidway/Complements/MapViewManeger.swift"; sourceTree = "<group>"; };
		2215BB9627A22234009362AC /* PlacesCategories.swift */ = {isa = PBXFileReference; fileEncoding = 4; lastKnownFileType = sourcecode.swift; name = PlacesCategories.swift; path = "../../../../../TheMidway 18-41-23-148/TheMidway/Complements/Enum/PlacesCategories.swift"; sourceTree = "<group>"; };
		2215BB9727A22234009362AC /* APIError.swift */ = {isa = PBXFileReference; fileEncoding = 4; lastKnownFileType = sourcecode.swift; name = APIError.swift; path = "../../../../../TheMidway 18-41-23-148/TheMidway/Complements/Enum/APIError.swift"; sourceTree = "<group>"; };
		2215BB9B27A2225C009362AC /* MeetingCreated.swift */ = {isa = PBXFileReference; fileEncoding = 4; lastKnownFileType = sourcecode.swift; name = MeetingCreated.swift; path = "../../../../TheMidway 18-41-23-148/TheMidway/Modal/MeetingCreated.swift"; sourceTree = "<group>"; };
		2215BB9C27A2225C009362AC /* Person.swift */ = {isa = PBXFileReference; fileEncoding = 4; lastKnownFileType = sourcecode.swift; name = Person.swift; path = "../../../../TheMidway 18-41-23-148/TheMidway/Modal/Person.swift"; sourceTree = "<group>"; };
		2215BB9D27A2225C009362AC /* LabelConfig.swift */ = {isa = PBXFileReference; fileEncoding = 4; lastKnownFileType = sourcecode.swift; name = LabelConfig.swift; path = "../../../../TheMidway 18-41-23-148/TheMidway/Modal/LabelConfig.swift"; sourceTree = "<group>"; };
		2215BB9E27A2225C009362AC /* MapPlace.swift */ = {isa = PBXFileReference; fileEncoding = 4; lastKnownFileType = sourcecode.swift; name = MapPlace.swift; path = "../../../../TheMidway 18-41-23-148/TheMidway/Modal/MapPlace.swift"; sourceTree = "<group>"; };
		2215BB9F27A2225C009362AC /* MeetingCreatedCellInfo.swift */ = {isa = PBXFileReference; fileEncoding = 4; lastKnownFileType = sourcecode.swift; name = MeetingCreatedCellInfo.swift; path = "../../../../TheMidway 18-41-23-148/TheMidway/Modal/MeetingCreatedCellInfo.swift"; sourceTree = "<group>"; };
		2215BBA627A2227C009362AC /* MainViewController.swift */ = {isa = PBXFileReference; fileEncoding = 4; lastKnownFileType = sourcecode.swift; name = MainViewController.swift; path = "../../../../TheMidway 18-41-23-148/TheMidway/Controller/MainViewController.swift"; sourceTree = "<group>"; };
		2215BBA727A2227C009362AC /* NewMeetingViewController.swift */ = {isa = PBXFileReference; fileEncoding = 4; lastKnownFileType = sourcecode.swift; name = NewMeetingViewController.swift; path = "../../../../TheMidway 18-41-23-148/TheMidway/Controller/NewMeetingViewController.swift"; sourceTree = "<group>"; };
		2215BBAE27A222B1009362AC /* MainView.swift */ = {isa = PBXFileReference; fileEncoding = 4; lastKnownFileType = sourcecode.swift; name = MainView.swift; path = "../../../../TheMidway 18-41-23-148/TheMidway/View/MainView.swift"; sourceTree = "<group>"; };
		2215BBAF27A222B1009362AC /* NewMeetingView.swift */ = {isa = PBXFileReference; fileEncoding = 4; lastKnownFileType = sourcecode.swift; name = NewMeetingView.swift; path = "../../../../TheMidway 18-41-23-148/TheMidway/View/NewMeetingView.swift"; sourceTree = "<group>"; };
		2215BBB227A222C6009362AC /* NewMeetingTableParticipantsCell.swift */ = {isa = PBXFileReference; fileEncoding = 4; lastKnownFileType = sourcecode.swift; name = NewMeetingTableParticipantsCell.swift; path = "../../../../../../TheMidway 18-41-23-148/TheMidway/View/Cell/Table/NewMeetingTableParticipantsCell.swift"; sourceTree = "<group>"; };
		2215BBB327A222C6009362AC /* NewMeetingTableTitleCell.swift */ = {isa = PBXFileReference; fileEncoding = 4; lastKnownFileType = sourcecode.swift; name = NewMeetingTableTitleCell.swift; path = "../../../../../../TheMidway 18-41-23-148/TheMidway/View/Cell/Table/NewMeetingTableTitleCell.swift"; sourceTree = "<group>"; };
		2215BBB427A222C6009362AC /* MainViewTableCell.swift */ = {isa = PBXFileReference; fileEncoding = 4; lastKnownFileType = sourcecode.swift; name = MainViewTableCell.swift; path = "../../../../../../TheMidway 18-41-23-148/TheMidway/View/Cell/Table/MainViewTableCell.swift"; sourceTree = "<group>"; };
		2215BBB527A222C6009362AC /* NewMeetingTableDateCell.swift */ = {isa = PBXFileReference; fileEncoding = 4; lastKnownFileType = sourcecode.swift; name = NewMeetingTableDateCell.swift; path = "../../../../../../TheMidway 18-41-23-148/TheMidway/View/Cell/Table/NewMeetingTableDateCell.swift"; sourceTree = "<group>"; };
		2215BBBA27A222DF009362AC /* NewMeetingCollectionCell.swift */ = {isa = PBXFileReference; fileEncoding = 4; lastKnownFileType = sourcecode.swift; name = NewMeetingCollectionCell.swift; path = "../../../../../../TheMidway 18-41-23-148/TheMidway/View/Cell/Collections/NewMeetingCollectionCell.swift"; sourceTree = "<group>"; };
		2215BBBB27A222DF009362AC /* MainViewCollectionCell.swift */ = {isa = PBXFileReference; fileEncoding = 4; lastKnownFileType = sourcecode.swift; name = MainViewCollectionCell.swift; path = "../../../../../../TheMidway 18-41-23-148/TheMidway/View/Cell/Collections/MainViewCollectionCell.swift"; sourceTree = "<group>"; };
		2215BBBF27A22307009362AC /* EmptyView.swift */ = {isa = PBXFileReference; fileEncoding = 4; lastKnownFileType = sourcecode.swift; name = EmptyView.swift; path = "../../../../../TheMidway 18-41-23-148/TheMidway/View/EmptyView/EmptyView.swift"; sourceTree = "<group>"; };
		2215BBC527A22386009362AC /* AppDelegate.swift */ = {isa = PBXFileReference; fileEncoding = 4; lastKnownFileType = sourcecode.swift; name = AppDelegate.swift; path = "../../../../../TheMidway 18-41-23-148/TheMidway/Delegate/System/AppDelegate.swift"; sourceTree = "<group>"; };
		2215BBC627A22386009362AC /* SceneDelegate.swift */ = {isa = PBXFileReference; fileEncoding = 4; lastKnownFileType = sourcecode.swift; name = SceneDelegate.swift; path = "../../../../../TheMidway 18-41-23-148/TheMidway/Delegate/System/SceneDelegate.swift"; sourceTree = "<group>"; };
		2215BBC927A22399009362AC /* TextFieldDelegate.swift */ = {isa = PBXFileReference; fileEncoding = 4; lastKnownFileType = sourcecode.swift; name = TextFieldDelegate.swift; path = "../../../../TheMidway 18-41-23-148/TheMidway/Delegate/TextFieldDelegate.swift"; sourceTree = "<group>"; };
		2215BBCA27A22399009362AC /* LocationManegerDelegate.swift */ = {isa = PBXFileReference; fileEncoding = 4; lastKnownFileType = sourcecode.swift; name = LocationManegerDelegate.swift; path = "../../../../TheMidway 18-41-23-148/TheMidway/Delegate/LocationManegerDelegate.swift"; sourceTree = "<group>"; };
		2215BBCB27A22399009362AC /* MapViewDelegate.swift */ = {isa = PBXFileReference; fileEncoding = 4; lastKnownFileType = sourcecode.swift; name = MapViewDelegate.swift; path = "../../../../TheMidway 18-41-23-148/TheMidway/Delegate/MapViewDelegate.swift"; sourceTree = "<group>"; };
		229F79CE27A235580039902B /* Launch Screen.storyboard */ = {isa = PBXFileReference; lastKnownFileType = file.storyboard; path = "Launch Screen.storyboard"; sourceTree = "<group>"; };
		229F79D227A23C400039902B /* MainTableDelegate.swift */ = {isa = PBXFileReference; lastKnownFileType = sourcecode.swift; path = MainTableDelegate.swift; sourceTree = "<group>"; };
		229F79D727A23D440039902B /* MainTableDataSource.swift */ = {isa = PBXFileReference; lastKnownFileType = sourcecode.swift; path = MainTableDataSource.swift; sourceTree = "<group>"; };
/* End PBXFileReference section */

/* Begin PBXFrameworksBuildPhase section */
		2215BB6A27A21FC4009362AC /* Frameworks */ = {
			isa = PBXFrameworksBuildPhase;
			buildActionMask = 2147483647;
			files = (
			);
			runOnlyForDeploymentPostprocessing = 0;
		};
/* End PBXFrameworksBuildPhase section */

/* Begin PBXGroup section */
		2215BB6427A21FC4009362AC = {
			isa = PBXGroup;
			children = (
				2215BB8F27A221C0009362AC /* Assets */,
				2215BB8927A22199009362AC /* Core Data */,
				2215BB6F27A21FC4009362AC /* TheMidway */,
				2215BB6E27A21FC4009362AC /* Products */,
			);
			sourceTree = "<group>";
		};
		2215BB6E27A21FC4009362AC /* Products */ = {
			isa = PBXGroup;
			children = (
				2215BB6D27A21FC4009362AC /* TheMidway.app */,
			);
			name = Products;
			sourceTree = "<group>";
		};
		2215BB6F27A21FC4009362AC /* TheMidway */ = {
			isa = PBXGroup;
			children = (
				229F79D427A23D0E0039902B /* Data Source */,
				2215BBC327A2236D009362AC /* Delegate */,
				2215BB9227A22205009362AC /* Complements */,
				2215BB9A27A22241009362AC /* Modal */,
				2215BBAA27A22286009362AC /* View */,
				2215BBA527A22268009362AC /* Controller */,
				2215BB7627A21FC4009362AC /* Main.storyboard */,
				2215BB8127A21FC5009362AC /* Info.plist */,
			);
			path = TheMidway;
			sourceTree = "<group>";
		};
		2215BB8927A22199009362AC /* Core Data */ = {
			isa = PBXGroup;
			children = (
				2215BB8A27A221B3009362AC /* TheMidway.xcdatamodeld */,
				2215BB8C27A221B3009362AC /* MeetingCDManeger.swift */,
			);
			path = "Core Data";
			sourceTree = "<group>";
		};
		2215BB8F27A221C0009362AC /* Assets */ = {
			isa = PBXGroup;
			children = (
				2215BB9027A221D3009362AC /* Assets.xcassets */,
			);
			path = Assets;
			sourceTree = "<group>";
		};
		2215BB9227A22205009362AC /* Complements */ = {
			isa = PBXGroup;
			children = (
				2215BB9327A2220F009362AC /* Enum */,
				2215BB9427A22227009362AC /* MapViewManeger.swift */,
			);
			path = Complements;
			sourceTree = "<group>";
		};
		2215BB9327A2220F009362AC /* Enum */ = {
			isa = PBXGroup;
			children = (
				2215BB9727A22234009362AC /* APIError.swift */,
				2215BB9627A22234009362AC /* PlacesCategories.swift */,
			);
			path = Enum;
			sourceTree = "<group>";
		};
		2215BB9A27A22241009362AC /* Modal */ = {
			isa = PBXGroup;
			children = (
				2215BB9D27A2225C009362AC /* LabelConfig.swift */,
				2215BB9E27A2225C009362AC /* MapPlace.swift */,
				2215BB9B27A2225C009362AC /* MeetingCreated.swift */,
				2215BB9F27A2225C009362AC /* MeetingCreatedCellInfo.swift */,
				2215BB9C27A2225C009362AC /* Person.swift */,
			);
			path = Modal;
			sourceTree = "<group>";
		};
		2215BBA527A22268009362AC /* Controller */ = {
			isa = PBXGroup;
			children = (
				2215BBA627A2227C009362AC /* MainViewController.swift */,
				2215BBA727A2227C009362AC /* NewMeetingViewController.swift */,
			);
			path = Controller;
			sourceTree = "<group>";
		};
		2215BBAA27A22286009362AC /* View */ = {
			isa = PBXGroup;
			children = (
				229F79CE27A235580039902B /* Launch Screen.storyboard */,
				2215BBBE27A222F3009362AC /* EmptyView */,
				2215BBAB27A2228B009362AC /* Cell */,
				2215BBAE27A222B1009362AC /* MainView.swift */,
				2215BBAF27A222B1009362AC /* NewMeetingView.swift */,
			);
			path = View;
			sourceTree = "<group>";
		};
		2215BBAB27A2228B009362AC /* Cell */ = {
			isa = PBXGroup;
			children = (
				2215BBAD27A22298009362AC /* Table */,
				2215BBAC27A22290009362AC /* Collection */,
			);
			path = Cell;
			sourceTree = "<group>";
		};
		2215BBAC27A22290009362AC /* Collection */ = {
			isa = PBXGroup;
			children = (
				2215BBBB27A222DF009362AC /* MainViewCollectionCell.swift */,
				2215BBBA27A222DF009362AC /* NewMeetingCollectionCell.swift */,
			);
			path = Collection;
			sourceTree = "<group>";
		};
		2215BBAD27A22298009362AC /* Table */ = {
			isa = PBXGroup;
			children = (
				2215BBB427A222C6009362AC /* MainViewTableCell.swift */,
				2215BBB527A222C6009362AC /* NewMeetingTableDateCell.swift */,
				2215BBB227A222C6009362AC /* NewMeetingTableParticipantsCell.swift */,
				2215BBB327A222C6009362AC /* NewMeetingTableTitleCell.swift */,
			);
			path = Table;
			sourceTree = "<group>";
		};
		2215BBBE27A222F3009362AC /* EmptyView */ = {
			isa = PBXGroup;
			children = (
				2215BBBF27A22307009362AC /* EmptyView.swift */,
			);
			path = EmptyView;
			sourceTree = "<group>";
		};
		2215BBC327A2236D009362AC /* Delegate */ = {
			isa = PBXGroup;
			children = (
				229F79D127A23C160039902B /* Table */,
				229F79D027A23C0F0039902B /* Collection */,
				2215BBC427A22374009362AC /* System */,
				2215BBCA27A22399009362AC /* LocationManegerDelegate.swift */,
				2215BBCB27A22399009362AC /* MapViewDelegate.swift */,
				2215BBC927A22399009362AC /* TextFieldDelegate.swift */,
			);
			path = Delegate;
			sourceTree = "<group>";
		};
		2215BBC427A22374009362AC /* System */ = {
			isa = PBXGroup;
			children = (
				2215BBC527A22386009362AC /* AppDelegate.swift */,
				2215BBC627A22386009362AC /* SceneDelegate.swift */,
			);
			path = System;
			sourceTree = "<group>";
		};
		229F79D027A23C0F0039902B /* Collection */ = {
			isa = PBXGroup;
			children = (
			);
			path = Collection;
			sourceTree = "<group>";
		};
		229F79D127A23C160039902B /* Table */ = {
			isa = PBXGroup;
			children = (
				229F79D227A23C400039902B /* MainTableDelegate.swift */,
			);
			path = Table;
			sourceTree = "<group>";
		};
		229F79D427A23D0E0039902B /* Data Source */ = {
			isa = PBXGroup;
			children = (
				229F79D627A23D210039902B /* Collection */,
				229F79D527A23D1C0039902B /* Table */,
			);
			path = "Data Source";
			sourceTree = "<group>";
		};
		229F79D527A23D1C0039902B /* Table */ = {
			isa = PBXGroup;
			children = (
				229F79D727A23D440039902B /* MainTableDataSource.swift */,
			);
			path = Table;
			sourceTree = "<group>";
		};
		229F79D627A23D210039902B /* Collection */ = {
			isa = PBXGroup;
			children = (
			);
			path = Collection;
			sourceTree = "<group>";
		};
/* End PBXGroup section */

/* Begin PBXNativeTarget section */
		2215BB6C27A21FC4009362AC /* TheMidway */ = {
			isa = PBXNativeTarget;
			buildConfigurationList = 2215BB8427A21FC5009362AC /* Build configuration list for PBXNativeTarget "TheMidway" */;
			buildPhases = (
				2215BB6927A21FC4009362AC /* Sources */,
				2215BB6A27A21FC4009362AC /* Frameworks */,
				2215BB6B27A21FC4009362AC /* Resources */,
			);
			buildRules = (
			);
			dependencies = (
			);
			name = TheMidway;
			productName = TheMidway;
			productReference = 2215BB6D27A21FC4009362AC /* TheMidway.app */;
			productType = "com.apple.product-type.application";
		};
/* End PBXNativeTarget section */

/* Begin PBXProject section */
		2215BB6527A21FC4009362AC /* Project object */ = {
			isa = PBXProject;
			attributes = {
				BuildIndependentTargetsInParallel = 1;
				LastSwiftUpdateCheck = 1320;
				LastUpgradeCheck = 1320;
				TargetAttributes = {
					2215BB6C27A21FC4009362AC = {
						CreatedOnToolsVersion = 13.2.1;
						LastSwiftMigration = 1320;
					};
				};
			};
			buildConfigurationList = 2215BB6827A21FC4009362AC /* Build configuration list for PBXProject "TheMidway" */;
			compatibilityVersion = "Xcode 13.0";
			developmentRegion = en;
			hasScannedForEncodings = 0;
			knownRegions = (
				en,
				Base,
			);
			mainGroup = 2215BB6427A21FC4009362AC;
			productRefGroup = 2215BB6E27A21FC4009362AC /* Products */;
			projectDirPath = "";
			projectRoot = "";
			targets = (
				2215BB6C27A21FC4009362AC /* TheMidway */,
			);
		};
/* End PBXProject section */

/* Begin PBXResourcesBuildPhase section */
		2215BB6B27A21FC4009362AC /* Resources */ = {
			isa = PBXResourcesBuildPhase;
			buildActionMask = 2147483647;
			files = (
				229F79CF27A235580039902B /* Launch Screen.storyboard in Resources */,
				2215BB9127A221D3009362AC /* Assets.xcassets in Resources */,
				2215BB7827A21FC4009362AC /* Main.storyboard in Resources */,
			);
			runOnlyForDeploymentPostprocessing = 0;
		};
/* End PBXResourcesBuildPhase section */

/* Begin PBXSourcesBuildPhase section */
		2215BB6927A21FC4009362AC /* Sources */ = {
			isa = PBXSourcesBuildPhase;
			buildActionMask = 2147483647;
			files = (
				2215BBC727A22386009362AC /* AppDelegate.swift in Sources */,
				2215BBCD27A22399009362AC /* LocationManegerDelegate.swift in Sources */,
				229F79D327A23C400039902B /* MainTableDelegate.swift in Sources */,
				2215BBCE27A22399009362AC /* MapViewDelegate.swift in Sources */,
				2215BBA027A2225C009362AC /* MeetingCreated.swift in Sources */,
				2215BBB027A222B1009362AC /* MainView.swift in Sources */,
				2215BBB827A222C6009362AC /* MainViewTableCell.swift in Sources */,
				2215BBA827A2227C009362AC /* MainViewController.swift in Sources */,
				229F79D827A23D440039902B /* MainTableDataSource.swift in Sources */,
				2215BBB127A222B1009362AC /* NewMeetingView.swift in Sources */,
				2215BBC827A22386009362AC /* SceneDelegate.swift in Sources */,
				2215BB8E27A221B3009362AC /* MeetingCDManeger.swift in Sources */,
				2215BBA327A2225C009362AC /* MapPlace.swift in Sources */,
				2215BBBC27A222DF009362AC /* NewMeetingCollectionCell.swift in Sources */,
				2215BBB727A222C6009362AC /* NewMeetingTableTitleCell.swift in Sources */,
				2215BBA227A2225C009362AC /* LabelConfig.swift in Sources */,
				2215BBB927A222C6009362AC /* NewMeetingTableDateCell.swift in Sources */,
				2215BBBD27A222DF009362AC /* MainViewCollectionCell.swift in Sources */,
				2215BBCC27A22399009362AC /* TextFieldDelegate.swift in Sources */,
				2215BBA427A2225C009362AC /* MeetingCreatedCellInfo.swift in Sources */,
				2215BB9527A22227009362AC /* MapViewManeger.swift in Sources */,
				2215BB8D27A221B3009362AC /* TheMidway.xcdatamodeld in Sources */,
				2215BBB627A222C6009362AC /* NewMeetingTableParticipantsCell.swift in Sources */,
				2215BBA127A2225C009362AC /* Person.swift in Sources */,
				2215BB9927A22234009362AC /* APIError.swift in Sources */,
				2215BB9827A22234009362AC /* PlacesCategories.swift in Sources */,
				2215BBC027A22307009362AC /* EmptyView.swift in Sources */,
				2215BBA927A2227C009362AC /* NewMeetingViewController.swift in Sources */,
			);
			runOnlyForDeploymentPostprocessing = 0;
		};
/* End PBXSourcesBuildPhase section */

/* Begin PBXVariantGroup section */
		2215BB7627A21FC4009362AC /* Main.storyboard */ = {
			isa = PBXVariantGroup;
			children = (
				2215BB7727A21FC4009362AC /* Base */,
			);
			name = Main.storyboard;
			sourceTree = "<group>";
		};
/* End PBXVariantGroup section */

/* Begin XCBuildConfiguration section */
		2215BB8227A21FC5009362AC /* Debug */ = {
			isa = XCBuildConfiguration;
			buildSettings = {
				ALWAYS_SEARCH_USER_PATHS = NO;
				CLANG_ANALYZER_NONNULL = YES;
				CLANG_ANALYZER_NUMBER_OBJECT_CONVERSION = YES_AGGRESSIVE;
				CLANG_CXX_LANGUAGE_STANDARD = "gnu++17";
				CLANG_CXX_LIBRARY = "libc++";
				CLANG_ENABLE_MODULES = YES;
				CLANG_ENABLE_OBJC_ARC = YES;
				CLANG_ENABLE_OBJC_WEAK = YES;
				CLANG_WARN_BLOCK_CAPTURE_AUTORELEASING = YES;
				CLANG_WARN_BOOL_CONVERSION = YES;
				CLANG_WARN_COMMA = YES;
				CLANG_WARN_CONSTANT_CONVERSION = YES;
				CLANG_WARN_DEPRECATED_OBJC_IMPLEMENTATIONS = YES;
				CLANG_WARN_DIRECT_OBJC_ISA_USAGE = YES_ERROR;
				CLANG_WARN_DOCUMENTATION_COMMENTS = YES;
				CLANG_WARN_EMPTY_BODY = YES;
				CLANG_WARN_ENUM_CONVERSION = YES;
				CLANG_WARN_INFINITE_RECURSION = YES;
				CLANG_WARN_INT_CONVERSION = YES;
				CLANG_WARN_NON_LITERAL_NULL_CONVERSION = YES;
				CLANG_WARN_OBJC_IMPLICIT_RETAIN_SELF = YES;
				CLANG_WARN_OBJC_LITERAL_CONVERSION = YES;
				CLANG_WARN_OBJC_ROOT_CLASS = YES_ERROR;
				CLANG_WARN_QUOTED_INCLUDE_IN_FRAMEWORK_HEADER = YES;
				CLANG_WARN_RANGE_LOOP_ANALYSIS = YES;
				CLANG_WARN_STRICT_PROTOTYPES = YES;
				CLANG_WARN_SUSPICIOUS_MOVE = YES;
				CLANG_WARN_UNGUARDED_AVAILABILITY = YES_AGGRESSIVE;
				CLANG_WARN_UNREACHABLE_CODE = YES;
				CLANG_WARN__DUPLICATE_METHOD_MATCH = YES;
				COPY_PHASE_STRIP = NO;
				DEBUG_INFORMATION_FORMAT = dwarf;
				ENABLE_STRICT_OBJC_MSGSEND = YES;
				ENABLE_TESTABILITY = YES;
				GCC_C_LANGUAGE_STANDARD = gnu11;
				GCC_DYNAMIC_NO_PIC = NO;
				GCC_NO_COMMON_BLOCKS = YES;
				GCC_OPTIMIZATION_LEVEL = 0;
				GCC_PREPROCESSOR_DEFINITIONS = (
					"DEBUG=1",
					"$(inherited)",
				);
				GCC_WARN_64_TO_32_BIT_CONVERSION = YES;
				GCC_WARN_ABOUT_RETURN_TYPE = YES_ERROR;
				GCC_WARN_UNDECLARED_SELECTOR = YES;
				GCC_WARN_UNINITIALIZED_AUTOS = YES_AGGRESSIVE;
				GCC_WARN_UNUSED_FUNCTION = YES;
				GCC_WARN_UNUSED_VARIABLE = YES;
				IPHONEOS_DEPLOYMENT_TARGET = 14.5;
				MTL_ENABLE_DEBUG_INFO = INCLUDE_SOURCE;
				MTL_FAST_MATH = YES;
				ONLY_ACTIVE_ARCH = YES;
				SDKROOT = iphoneos;
				SWIFT_ACTIVE_COMPILATION_CONDITIONS = DEBUG;
				SWIFT_OPTIMIZATION_LEVEL = "-Onone";
			};
			name = Debug;
		};
		2215BB8327A21FC5009362AC /* Release */ = {
			isa = XCBuildConfiguration;
			buildSettings = {
				ALWAYS_SEARCH_USER_PATHS = NO;
				CLANG_ANALYZER_NONNULL = YES;
				CLANG_ANALYZER_NUMBER_OBJECT_CONVERSION = YES_AGGRESSIVE;
				CLANG_CXX_LANGUAGE_STANDARD = "gnu++17";
				CLANG_CXX_LIBRARY = "libc++";
				CLANG_ENABLE_MODULES = YES;
				CLANG_ENABLE_OBJC_ARC = YES;
				CLANG_ENABLE_OBJC_WEAK = YES;
				CLANG_WARN_BLOCK_CAPTURE_AUTORELEASING = YES;
				CLANG_WARN_BOOL_CONVERSION = YES;
				CLANG_WARN_COMMA = YES;
				CLANG_WARN_CONSTANT_CONVERSION = YES;
				CLANG_WARN_DEPRECATED_OBJC_IMPLEMENTATIONS = YES;
				CLANG_WARN_DIRECT_OBJC_ISA_USAGE = YES_ERROR;
				CLANG_WARN_DOCUMENTATION_COMMENTS = YES;
				CLANG_WARN_EMPTY_BODY = YES;
				CLANG_WARN_ENUM_CONVERSION = YES;
				CLANG_WARN_INFINITE_RECURSION = YES;
				CLANG_WARN_INT_CONVERSION = YES;
				CLANG_WARN_NON_LITERAL_NULL_CONVERSION = YES;
				CLANG_WARN_OBJC_IMPLICIT_RETAIN_SELF = YES;
				CLANG_WARN_OBJC_LITERAL_CONVERSION = YES;
				CLANG_WARN_OBJC_ROOT_CLASS = YES_ERROR;
				CLANG_WARN_QUOTED_INCLUDE_IN_FRAMEWORK_HEADER = YES;
				CLANG_WARN_RANGE_LOOP_ANALYSIS = YES;
				CLANG_WARN_STRICT_PROTOTYPES = YES;
				CLANG_WARN_SUSPICIOUS_MOVE = YES;
				CLANG_WARN_UNGUARDED_AVAILABILITY = YES_AGGRESSIVE;
				CLANG_WARN_UNREACHABLE_CODE = YES;
				CLANG_WARN__DUPLICATE_METHOD_MATCH = YES;
				COPY_PHASE_STRIP = NO;
				DEBUG_INFORMATION_FORMAT = "dwarf-with-dsym";
				ENABLE_NS_ASSERTIONS = NO;
				ENABLE_STRICT_OBJC_MSGSEND = YES;
				GCC_C_LANGUAGE_STANDARD = gnu11;
				GCC_NO_COMMON_BLOCKS = YES;
				GCC_WARN_64_TO_32_BIT_CONVERSION = YES;
				GCC_WARN_ABOUT_RETURN_TYPE = YES_ERROR;
				GCC_WARN_UNDECLARED_SELECTOR = YES;
				GCC_WARN_UNINITIALIZED_AUTOS = YES_AGGRESSIVE;
				GCC_WARN_UNUSED_FUNCTION = YES;
				GCC_WARN_UNUSED_VARIABLE = YES;
				IPHONEOS_DEPLOYMENT_TARGET = 14.5;
				MTL_ENABLE_DEBUG_INFO = NO;
				MTL_FAST_MATH = YES;
				SDKROOT = iphoneos;
				SWIFT_COMPILATION_MODE = wholemodule;
				SWIFT_OPTIMIZATION_LEVEL = "-O";
				VALIDATE_PRODUCT = YES;
			};
			name = Release;
		};
		2215BB8527A21FC5009362AC /* Debug */ = {
			isa = XCBuildConfiguration;
			buildSettings = {
				ASSETCATALOG_COMPILER_APPICON_NAME = AppIcon;
				ASSETCATALOG_COMPILER_GLOBAL_ACCENT_COLOR_NAME = AccentColor;
				ASSETCATALOG_COMPILER_INCLUDE_ALL_APPICON_ASSETS = NO;
				CLANG_ENABLE_MODULES = YES;
				CODE_SIGN_STYLE = Automatic;
				CURRENT_PROJECT_VERSION = 3;
				DEVELOPMENT_TEAM = YJHS8SK8R5;
				GENERATE_INFOPLIST_FILE = YES;
				INFOPLIST_FILE = TheMidway/Info.plist;
				INFOPLIST_KEY_UIApplicationSupportsIndirectInputEvents = YES;
				INFOPLIST_KEY_UILaunchStoryboardName = LaunchScreen;
				INFOPLIST_KEY_UISupportedInterfaceOrientations = UIInterfaceOrientationPortrait;
				INFOPLIST_KEY_UISupportedInterfaceOrientations_iPad = "UIInterfaceOrientationPortrait UIInterfaceOrientationPortraitUpsideDown";
				INFOPLIST_KEY_UISupportedInterfaceOrientations_iPhone = UIInterfaceOrientationPortrait;
				LD_RUNPATH_SEARCH_PATHS = (
					"$(inherited)",
					"@executable_path/Frameworks",
				);
				MARKETING_VERSION = 1.1;
				PRODUCT_BUNDLE_IDENTIFIER = Anna.Andrade.TheMidway;
				PRODUCT_NAME = "$(TARGET_NAME)";
				SWIFT_EMIT_LOC_STRINGS = YES;
				SWIFT_OPTIMIZATION_LEVEL = "-Onone";
				SWIFT_VERSION = 5.0;
				TARGETED_DEVICE_FAMILY = 1;
			};
			name = Debug;
		};
		2215BB8627A21FC5009362AC /* Release */ = {
			isa = XCBuildConfiguration;
			buildSettings = {
				ASSETCATALOG_COMPILER_APPICON_NAME = AppIcon;
				ASSETCATALOG_COMPILER_GLOBAL_ACCENT_COLOR_NAME = AccentColor;
				ASSETCATALOG_COMPILER_INCLUDE_ALL_APPICON_ASSETS = NO;
				CLANG_ENABLE_MODULES = YES;
				CODE_SIGN_STYLE = Automatic;
				CURRENT_PROJECT_VERSION = 3;
				DEVELOPMENT_TEAM = YJHS8SK8R5;
				GENERATE_INFOPLIST_FILE = YES;
				INFOPLIST_FILE = TheMidway/Info.plist;
				INFOPLIST_KEY_UIApplicationSupportsIndirectInputEvents = YES;
				INFOPLIST_KEY_UILaunchStoryboardName = LaunchScreen;
				INFOPLIST_KEY_UISupportedInterfaceOrientations = UIInterfaceOrientationPortrait;
				INFOPLIST_KEY_UISupportedInterfaceOrientations_iPad = "UIInterfaceOrientationPortrait UIInterfaceOrientationPortraitUpsideDown";
				INFOPLIST_KEY_UISupportedInterfaceOrientations_iPhone = UIInterfaceOrientationPortrait;
				LD_RUNPATH_SEARCH_PATHS = (
					"$(inherited)",
					"@executable_path/Frameworks",
				);
				MARKETING_VERSION = 1.1;
				PRODUCT_BUNDLE_IDENTIFIER = Anna.Andrade.TheMidway;
				PRODUCT_NAME = "$(TARGET_NAME)";
				SWIFT_EMIT_LOC_STRINGS = YES;
				SWIFT_VERSION = 5.0;
				TARGETED_DEVICE_FAMILY = 1;
			};
			name = Release;
		};
/* End XCBuildConfiguration section */

/* Begin XCConfigurationList section */
		2215BB6827A21FC4009362AC /* Build configuration list for PBXProject "TheMidway" */ = {
			isa = XCConfigurationList;
			buildConfigurations = (
				2215BB8227A21FC5009362AC /* Debug */,
				2215BB8327A21FC5009362AC /* Release */,
			);
			defaultConfigurationIsVisible = 0;
			defaultConfigurationName = Release;
		};
		2215BB8427A21FC5009362AC /* Build configuration list for PBXNativeTarget "TheMidway" */ = {
			isa = XCConfigurationList;
			buildConfigurations = (
				2215BB8527A21FC5009362AC /* Debug */,
				2215BB8627A21FC5009362AC /* Release */,
			);
			defaultConfigurationIsVisible = 0;
			defaultConfigurationName = Release;
		};
/* End XCConfigurationList section */

/* Begin XCVersionGroup section */
		2215BB8A27A221B3009362AC /* TheMidway.xcdatamodeld */ = {
			isa = XCVersionGroup;
			children = (
				2215BB8B27A221B3009362AC /* TheMidway.xcdatamodel */,
			);
			currentVersion = 2215BB8B27A221B3009362AC /* TheMidway.xcdatamodel */;
			name = TheMidway.xcdatamodeld;
			path = "../../../TheMidway 18-41-23-148/CoreData/TheMidway.xcdatamodeld";
			sourceTree = "<group>";
			versionGroupType = wrapper.xcdatamodel;
		};
/* End XCVersionGroup section */
	};
	rootObject = 2215BB6527A21FC4009362AC /* Project object */;
}
